
Microsoft Visual Studio Solution File, Format Version 12.00
# Visual Studio 2013
VisualStudioVersion = 12.0.31101.0
MinimumVisualStudioVersion = 10.0.40219.1
Project("{FAE04EC0-301F-11D3-BF4B-00C04F79EFBC}") = "spike_shoes", "spike_shoes\spike_shoes.csproj", "{75C14D94-6D36-4632-ABD6-6D1FFBA50644}"
EndProject
Project("{FAE04EC0-301F-11D3-BF4B-00C04F79EFBC}") = "spike_shoes.Tests", "spike_shoes.Tests\spike_shoes.Tests.csproj", "{A7325313-077B-412B-95AA-C4674C4822B5}"
EndProject
Global
	GlobalSection(SolutionConfigurationPlatforms) = preSolution
		Debug|Any CPU = Debug|Any CPU
		Release|Any CPU = Release|Any CPU
	EndGlobalSection
	GlobalSection(ProjectConfigurationPlatforms) = postSolution
		{75C14D94-6D36-4632-ABD6-6D1FFBA50644}.Debug|Any CPU.ActiveCfg = Debug|Any CPU
		{75C14D94-6D36-4632-ABD6-6D1FFBA50644}.Debug|Any CPU.Build.0 = Debug|Any CPU
		{75C14D94-6D36-4632-ABD6-6D1FFBA50644}.Release|Any CPU.ActiveCfg = Release|Any CPU
		{75C14D94-6D36-4632-ABD6-6D1FFBA50644}.Release|Any CPU.Build.0 = Release|Any CPU
		{A7325313-077B-412B-95AA-C4674C4822B5}.Debug|Any CPU.ActiveCfg = Debug|Any CPU
		{A7325313-077B-412B-95AA-C4674C4822B5}.Debug|Any CPU.Build.0 = Debug|Any CPU
		{A7325313-077B-412B-95AA-C4674C4822B5}.Release|Any CPU.ActiveCfg = Release|Any CPU
		{A7325313-077B-412B-95AA-C4674C4822B5}.Release|Any CPU.Build.0 = Release|Any CPU
	EndGlobalSection
	GlobalSection(SolutionProperties) = preSolution
		HideSolutionNode = FALSE
	EndGlobalSection
EndGlobal
